<Solution>
  <Configurations>
    <Platform Name="Any CPU" />
    <Platform Name="x64" />
  </Configurations>
  <Folder Name="/Common/">
    <Project Path="CommonBusiness/CommonBusiness.csproj" Id="82b2afa6-bdc8-4a95-bd04-20fbcf87958e">
      <Platform Solution="*|x64" Project="x64" />
    </Project>
    <Project Path="CommonData/CommonData.csproj" Id="68a903d2-a161-43a6-87c7-35371e88db09">
      <Platform Solution="*|x64" Project="x64" />
    </Project>
    <Project Path="CommonFDM/CommonFDM.csproj" Id="0176dde0-378c-481f-ada5-3ad5927a913a" />
  </Folder>
  <Folder Name="/WhatsApp/">
    <Project Path="WhatsAppBusiness/WhatsAppBusiness.csproj" Id="3892c8db-5ec6-450a-ac46-021d6c661483" />
    <Project Path="WhatsAppData/WhatsAppData.csproj" Id="26b8fbab-183b-4a65-8c48-a24054baae87" />
    <Project Path="WhatsAppDTO/WhatsAppDTO.csproj" Id="a00487ba-ac68-47a9-9563-5712425aab5b" />
    <Project Path="WhatsAppFDM/WhatsAppFDM.csproj" Id="26854256-6df7-4686-9297-14e63fc2765f" />
  </Folder>
  <Project Path="BrilliantWhatsAppAPI/BrilliantWhatsAppAPI.csproj">
    <Platform Solution="*|x64" Project="x64" />
  </Project>
</Solution>
